
Microsoft Visual Studio Solution File, Format Version 12.00
# Visual Studio Version 17
VisualStudioVersion = 17.14.37216.2 d17.14
MinimumVisualStudioVersion = 10.0.40219.1
Project("{FAE04EC0-301F-11D3-BF4B-00C04F79EFBC}") = "CineHub.Api", "CineHub.Api\CineHub.Api.csproj", "{B0694A04-EA12-43EC-AC24-F6B788652283}"
EndProject
Global
	GlobalSection(SolutionConfigurationPlatforms) = preSolution
		Debug|Any CPU = Debug|Any CPU
		Release|Any CPU = Release|Any CPU
	EndGlobalSection
	GlobalSection(ProjectConfigurationPlatforms) = postSolution
		{B0694A04-EA12-43EC-AC24-F6B788652283}.Debug|Any CPU.ActiveCfg = Debug|Any CPU
		{B0694A04-EA12-43EC-AC24-F6B788652283}.Debug|Any CPU.Build.0 = Debug|Any CPU
		{B0694A04-EA12-43EC-AC24-F6B788652283}.Release|Any CPU.ActiveCfg = Release|Any CPU
		{B0694A04-EA12-43EC-AC24-F6B788652283}.Release|Any CPU.Build.0 = Release|Any CPU
	EndGlobalSection
	GlobalSection(SolutionProperties) = preSolution
		HideSolutionNode = FALSE
	EndGlobalSection
	GlobalSection(ExtensibilityGlobals) = postSolution
		SolutionGuid = {A8CF1C23-F16F-4483-93D0-57CE4F5CE5C7}
	EndGlobalSection
EndGlobal
